// !$*UTF8*$!
{
	archiveVersion = 1;
	classes = {
	};
	objectVersion = 55;
	objects = {

/* Begin PBXBuildFile section */
		DC169556276879780050460F /* FirebaseAnalyticsWithoutAdIdSupport in Frameworks */ = {isa = PBXBuildFile; productRef = DC169555276879780050460F /* FirebaseAnalyticsWithoutAdIdSupport */; };
		DC169558276879780050460F /* FirebaseCrashlytics in Frameworks */ = {isa = PBXBuildFile; productRef = DC169557276879780050460F /* FirebaseCrashlytics */; };
		DC16955B2768952E0050460F /* GoogleService-Info.plist in Resources */ = {isa = PBXBuildFile; fileRef = DC16955A2768952E0050460F /* GoogleService-Info.plist */; };
		DC3B4439274F86AC009C07D3 /* Stamp_2.xib in Resources */ = {isa = PBXBuildFile; fileRef = DC3B4438274F86AC009C07D3 /* Stamp_2.xib */; };
		DC3B443B274F888E009C07D3 /* Stamp_2.swift in Sources */ = {isa = PBXBuildFile; fileRef = DC3B443A274F888E009C07D3 /* Stamp_2.swift */; };
		DC3B443D274FCD74009C07D3 /* StampDesign.swift in Sources */ = {isa = PBXBuildFile; fileRef = DC3B443C274FCD74009C07D3 /* StampDesign.swift */; };
		DC3B443F274FD1BC009C07D3 /* UIColor+Extension.swift in Sources */ = {isa = PBXBuildFile; fileRef = DC3B443E274FD1BC009C07D3 /* UIColor+Extension.swift */; };
		DC8639B0275E496500714ECE /* Toast+Extension.swift in Sources */ = {isa = PBXBuildFile; fileRef = DC8639AF275E496400714ECE /* Toast+Extension.swift */; };
		DC8639B92760E95100714ECE /* UserTagSelect.storyboard in Resources */ = {isa = PBXBuildFile; fileRef = DC8639B82760E95100714ECE /* UserTagSelect.storyboard */; };
		DC8639BB2760E95E00714ECE /* UserTagSelectViewController.swift in Sources */ = {isa = PBXBuildFile; fileRef = DC8639BA2760E95E00714ECE /* UserTagSelectViewController.swift */; };
		DC8639BD2760EB6B00714ECE /* UserTagSelectTableViewCell.swift in Sources */ = {isa = PBXBuildFile; fileRef = DC8639BC2760EB6B00714ECE /* UserTagSelectTableViewCell.swift */; };
		DC927F6C27570E53005A919B /* UserAppVersion.storyboard in Resources */ = {isa = PBXBuildFile; fileRef = DC927F6B27570E53005A919B /* UserAppVersion.storyboard */; };
		DC927F6E27573A14005A919B /* Stamp_6.swift in Sources */ = {isa = PBXBuildFile; fileRef = DC927F6D27573A14005A919B /* Stamp_6.swift */; };
		DC927F7027573A30005A919B /* Stamp_6.xib in Resources */ = {isa = PBXBuildFile; fileRef = DC927F6F27573A2F005A919B /* Stamp_6.xib */; };
		DC927F7227573C71005A919B /* Stamp_7.xib in Resources */ = {isa = PBXBuildFile; fileRef = DC927F7127573C71005A919B /* Stamp_7.xib */; };
		DC927F7427573C80005A919B /* Stamp_7.swift in Sources */ = {isa = PBXBuildFile; fileRef = DC927F7327573C80005A919B /* Stamp_7.swift */; };
		DC927F7627573DC0005A919B /* Stamp_8.swift in Sources */ = {isa = PBXBuildFile; fileRef = DC927F7527573DBF005A919B /* Stamp_8.swift */; };
		DC927F7827573DCA005A919B /* Stamp_8.xib in Resources */ = {isa = PBXBuildFile; fileRef = DC927F7727573DCA005A919B /* Stamp_8.xib */; };
		DC927F7A27573FD1005A919B /* Stamp_9.swift in Sources */ = {isa = PBXBuildFile; fileRef = DC927F7927573FD1005A919B /* Stamp_9.swift */; };
		DC927F7E27574010005A919B /* Stamp_9.xib in Resources */ = {isa = PBXBuildFile; fileRef = DC927F7D27574010005A919B /* Stamp_9.xib */; };
		DC927F80275744B3005A919B /* Stamp_10.swift in Sources */ = {isa = PBXBuildFile; fileRef = DC927F7F275744B3005A919B /* Stamp_10.swift */; };
		DC927F82275744BA005A919B /* Stamp_10.xib in Resources */ = {isa = PBXBuildFile; fileRef = DC927F81275744BA005A919B /* Stamp_10.xib */; };
		DC927F8427574BDB005A919B /* Stamp_11.swift in Sources */ = {isa = PBXBuildFile; fileRef = DC927F8327574BDB005A919B /* Stamp_11.swift */; };
		DC927F8627574BE4005A919B /* Stamp_11.xib in Resources */ = {isa = PBXBuildFile; fileRef = DC927F8527574BE4005A919B /* Stamp_11.xib */; };
		DC927F882757529A005A919B /* Stamp_12.swift in Sources */ = {isa = PBXBuildFile; fileRef = DC927F872757529A005A919B /* Stamp_12.swift */; };
		DC927F8A275752A5005A919B /* Stamp_12.xib in Resources */ = {isa = PBXBuildFile; fileRef = DC927F89275752A5005A919B /* Stamp_12.xib */; };
		DC927F8C2757546D005A919B /* Stamp_13.swift in Sources */ = {isa = PBXBuildFile; fileRef = DC927F8B2757546D005A919B /* Stamp_13.swift */; };
		DC927F8E27575476005A919B /* Stamp_13.xib in Resources */ = {isa = PBXBuildFile; fileRef = DC927F8D27575476005A919B /* Stamp_13.xib */; };
		DC927F9027575718005A919B /* Stamp_14.swift in Sources */ = {isa = PBXBuildFile; fileRef = DC927F8F27575718005A919B /* Stamp_14.swift */; };
		DC927F9227575720005A919B /* Stamp_14.xib in Resources */ = {isa = PBXBuildFile; fileRef = DC927F9127575720005A919B /* Stamp_14.xib */; };
		DC927F9427575930005A919B /* Stamp_15.swift in Sources */ = {isa = PBXBuildFile; fileRef = DC927F9327575930005A919B /* Stamp_15.swift */; };
		DC927F9627575938005A919B /* Stamp_15.xib in Resources */ = {isa = PBXBuildFile; fileRef = DC927F9527575938005A919B /* Stamp_15.xib */; };
		DC927F9827575C0D005A919B /* HeirofLightOTFBold.otf in Resources */ = {isa = PBXBuildFile; fileRef = DC927F9727575C0D005A919B /* HeirofLightOTFBold.otf */; };
		DC927FA6275766F2005A919B /* KOTRA HOPE_OTF.otf in Resources */ = {isa = PBXBuildFile; fileRef = DC927FA5275766F1005A919B /* KOTRA HOPE_OTF.otf */; };
		DC927FAA27576962005A919B /* esamanru OTF Bold.otf in Resources */ = {isa = PBXBuildFile; fileRef = DC927FA927576962005A919B /* esamanru OTF Bold.otf */; };
		DC927FAC27576A45005A919B /* DungGeunMo.otf in Resources */ = {isa = PBXBuildFile; fileRef = DC927FAB27576A45005A919B /* DungGeunMo.otf */; };
		DC927FAE27576CD6005A919B /* JejuMyeongjoOTF.otf in Resources */ = {isa = PBXBuildFile; fileRef = DC927FAD27576CD6005A919B /* JejuMyeongjoOTF.otf */; };
		DC927FB227576EB3005A919B /* Kyobo Handwriting 2019.otf in Resources */ = {isa = PBXBuildFile; fileRef = DC927FB127576EB3005A919B /* Kyobo Handwriting 2019.otf */; };
		DC927FB427579C1D005A919B /* UserAppVersionViewController.swift in Sources */ = {isa = PBXBuildFile; fileRef = DC927FB327579C1D005A919B /* UserAppVersionViewController.swift */; };
		DC927FB62757A196005A919B /* OpenSourceLicense.storyboard in Resources */ = {isa = PBXBuildFile; fileRef = DC927FB52757A196005A919B /* OpenSourceLicense.storyboard */; };
		DC927FB82757A1A7005A919B /* OpenSourceLicenseViewController.swift in Sources */ = {isa = PBXBuildFile; fileRef = DC927FB72757A1A7005A919B /* OpenSourceLicenseViewController.swift */; };
		DC927FBB2757BA8F005A919B /* Privacy.storyboard in Resources */ = {isa = PBXBuildFile; fileRef = DC927FBA2757BA8F005A919B /* Privacy.storyboard */; };
		DC927FBD2757BA9A005A919B /* PrivacyViewController.swift in Sources */ = {isa = PBXBuildFile; fileRef = DC927FBC2757BA9A005A919B /* PrivacyViewController.swift */; };
		DCCDA45E27520F02002038C0 /* DesignCollectionViewCell.swift in Sources */ = {isa = PBXBuildFile; fileRef = DCCDA45C27520F02002038C0 /* DesignCollectionViewCell.swift */; };
		DCCDA45F27520F02002038C0 /* DesignCollectionViewCell.xib in Resources */ = {isa = PBXBuildFile; fileRef = DCCDA45D27520F02002038C0 /* DesignCollectionViewCell.xib */; };
		DCCDA46127522CD6002038C0 /* Date+Extension.swift in Sources */ = {isa = PBXBuildFile; fileRef = DCCDA46027522CD6002038C0 /* Date+Extension.swift */; };
		DCCDA46327528ABC002038C0 /* Stamp_3.xib in Resources */ = {isa = PBXBuildFile; fileRef = DCCDA46227528ABC002038C0 /* Stamp_3.xib */; };
		DCCDA46527528ACE002038C0 /* Stamp_3.swift in Sources */ = {isa = PBXBuildFile; fileRef = DCCDA46427528ACE002038C0 /* Stamp_3.swift */; };
		DCCDA46727533815002038C0 /* Stamp_4.xib in Resources */ = {isa = PBXBuildFile; fileRef = DCCDA46627533815002038C0 /* Stamp_4.xib */; };
		DCCDA46927533822002038C0 /* Stamp_4.swift in Sources */ = {isa = PBXBuildFile; fileRef = DCCDA46827533822002038C0 /* Stamp_4.swift */; };
		DCCDA46B27533A0F002038C0 /* Stamp_5.swift in Sources */ = {isa = PBXBuildFile; fileRef = DCCDA46A27533A0F002038C0 /* Stamp_5.swift */; };
		DCCDA46D27533A1B002038C0 /* Stamp_5.xib in Resources */ = {isa = PBXBuildFile; fileRef = DCCDA46C27533A1B002038C0 /* Stamp_5.xib */; };
		DCCDA46F27546CA7002038C0 /* UserTagAlbum.storyboard in Resources */ = {isa = PBXBuildFile; fileRef = DCCDA46E27546CA7002038C0 /* UserTagAlbum.storyboard */; };
		DCCDA47127546CCA002038C0 /* UserTagAlbumViewController.swift in Sources */ = {isa = PBXBuildFile; fileRef = DCCDA47027546CCA002038C0 /* UserTagAlbumViewController.swift */; };
		DCCDA4842754D05C002038C0 /* TagAlbumTableViewCell.swift in Sources */ = {isa = PBXBuildFile; fileRef = DCCDA4832754D05C002038C0 /* TagAlbumTableViewCell.swift */; };
		DCCDA4892754D20C002038C0 /* TagAlbumCollectionViewCell.swift in Sources */ = {isa = PBXBuildFile; fileRef = DCCDA4872754D20C002038C0 /* TagAlbumCollectionViewCell.swift */; };
		DCCDA48A2754D20C002038C0 /* TagAlbumCollectionViewCell.xib in Resources */ = {isa = PBXBuildFile; fileRef = DCCDA4882754D20C002038C0 /* TagAlbumCollectionViewCell.xib */; };
		DCCDA48C2754E06B002038C0 /* UserTagAlbumDetail.storyboard in Resources */ = {isa = PBXBuildFile; fileRef = DCCDA48B2754E06B002038C0 /* UserTagAlbumDetail.storyboard */; };
		DCCDA48E2754E086002038C0 /* UserTagAlbumDetailViewController.swift in Sources */ = {isa = PBXBuildFile; fileRef = DCCDA48D2754E086002038C0 /* UserTagAlbumDetailViewController.swift */; };
		DCCDA49127552F1D002038C0 /* Toast in Frameworks */ = {isa = PBXBuildFile; productRef = DCCDA49027552F1D002038C0 /* Toast */; };
		DCCDA494275545DF002038C0 /* IQKeyboardManagerSwift in Frameworks */ = {isa = PBXBuildFile; productRef = DCCDA493275545DF002038C0 /* IQKeyboardManagerSwift */; };
		DCCDA49727567715002038C0 /* InfoPlist.strings in Resources */ = {isa = PBXBuildFile; fileRef = DCCDA49927567715002038C0 /* InfoPlist.strings */; };
		DCCECFA727463FB7002EEABD /* AppDelegate.swift in Sources */ = {isa = PBXBuildFile; fileRef = DCCECFA627463FB7002EEABD /* AppDelegate.swift */; };
		DCCECFA927463FB7002EEABD /* SceneDelegate.swift in Sources */ = {isa = PBXBuildFile; fileRef = DCCECFA827463FB7002EEABD /* SceneDelegate.swift */; };
		DCCECFAB27463FB7002EEABD /* ViewController.swift in Sources */ = {isa = PBXBuildFile; fileRef = DCCECFAA27463FB7002EEABD /* ViewController.swift */; };
		DCCECFB027463FB9002EEABD /* Assets.xcassets in Resources */ = {isa = PBXBuildFile; fileRef = DCCECFAF27463FB9002EEABD /* Assets.xcassets */; };
		DCCECFB327463FB9002EEABD /* LaunchScreen.storyboard in Resources */ = {isa = PBXBuildFile; fileRef = DCCECFB127463FB9002EEABD /* LaunchScreen.storyboard */; };
		DCCECFC127465234002EEABD /* UserAlbum.storyboard in Resources */ = {isa = PBXBuildFile; fileRef = DCCECFC027465233002EEABD /* UserAlbum.storyboard */; };
		DCCECFC3274652DE002EEABD /* UserAlbumViewController.swift in Sources */ = {isa = PBXBuildFile; fileRef = DCCECFC2274652DD002EEABD /* UserAlbumViewController.swift */; };
		DCCECFC52746855C002EEABD /* ImageEdit.storyboard in Resources */ = {isa = PBXBuildFile; fileRef = DCCECFC42746855C002EEABD /* ImageEdit.storyboard */; };
		DCCECFC727468568002EEABD /* ImageEditViewController.swift in Sources */ = {isa = PBXBuildFile; fileRef = DCCECFC627468568002EEABD /* ImageEditViewController.swift */; };
		DCCECFCB27492559002EEABD /* AddDiary.storyboard in Resources */ = {isa = PBXBuildFile; fileRef = DCCECFCA27492559002EEABD /* AddDiary.storyboard */; };
		DCCECFCD27492574002EEABD /* AddDiaryViewController.swift in Sources */ = {isa = PBXBuildFile; fileRef = DCCECFCC27492574002EEABD /* AddDiaryViewController.swift */; };
		DCCECFCF274A6D93002EEABD /* TimeStampDesignCollectionViewCell.swift in Sources */ = {isa = PBXBuildFile; fileRef = DCCECFCE274A6D93002EEABD /* TimeStampDesignCollectionViewCell.swift */; };
		DCCECFD1274B4765002EEABD /* identifier.swift in Sources */ = {isa = PBXBuildFile; fileRef = DCCECFD0274B4764002EEABD /* identifier.swift */; };
		DCCECFD3274B48B8002EEABD /* UserDiary.storyboard in Resources */ = {isa = PBXBuildFile; fileRef = DCCECFD2274B48B8002EEABD /* UserDiary.storyboard */; };
		DCCECFD5274B48C5002EEABD /* UserSetting.storyboard in Resources */ = {isa = PBXBuildFile; fileRef = DCCECFD4274B48C5002EEABD /* UserSetting.storyboard */; };
		DCCECFD9274B4B60002EEABD /* UserSettingViewController.swift in Sources */ = {isa = PBXBuildFile; fileRef = DCCECFD8274B4B60002EEABD /* UserSettingViewController.swift */; };
		DCCECFDC274B8AF1002EEABD /* RealmModel.swift in Sources */ = {isa = PBXBuildFile; fileRef = DCCECFDB274B8AF1002EEABD /* RealmModel.swift */; };
		DCCECFDF274B8B35002EEABD /* Realm in Frameworks */ = {isa = PBXBuildFile; productRef = DCCECFDE274B8B35002EEABD /* Realm */; };
		DCCECFE1274B8B35002EEABD /* RealmSwift in Frameworks */ = {isa = PBXBuildFile; productRef = DCCECFE0274B8B35002EEABD /* RealmSwift */; };
		DCCECFE4274B9D02002EEABD /* UIFont+Extension.swift in Sources */ = {isa = PBXBuildFile; fileRef = DCCECFE3274B9D02002EEABD /* UIFont+Extension.swift */; };
		DCCECFE6274B9DBF002EEABD /* UserDiaryViewController.swift in Sources */ = {isa = PBXBuildFile; fileRef = DCCECFE5274B9DBF002EEABD /* UserDiaryViewController.swift */; };
		DCCECFE8274BA3B5002EEABD /* DiaryTagTableViewCell.swift in Sources */ = {isa = PBXBuildFile; fileRef = DCCECFE7274BA3B5002EEABD /* DiaryTagTableViewCell.swift */; };
		DCCECFEA274BD061002EEABD /* SettingTableViewCell.swift in Sources */ = {isa = PBXBuildFile; fileRef = DCCECFE9274BD061002EEABD /* SettingTableViewCell.swift */; };
		DCCECFEE274CEAC0002EEABD /* Localizable.strings in Resources */ = {isa = PBXBuildFile; fileRef = DCCECFF0274CEAC0002EEABD /* Localizable.strings */; };
		DCCECFF7274D2D22002EEABD /* KOTRA_SONGEULSSI.otf in Resources */ = {isa = PBXBuildFile; fileRef = DCCECFF6274D2D22002EEABD /* KOTRA_SONGEULSSI.otf */; };
		DCCECFF9274D2D38002EEABD /* KOTRA LEAP_OTF.otf in Resources */ = {isa = PBXBuildFile; fileRef = DCCECFF8274D2D38002EEABD /* KOTRA LEAP_OTF.otf */; };
		DCCECFFB274E135D002EEABD /* Stamp_1.xib in Resources */ = {isa = PBXBuildFile; fileRef = DCCECFFA274E135D002EEABD /* Stamp_1.xib */; };
		DCCED000274E974B002EEABD /* Stamp_1.swift in Sources */ = {isa = PBXBuildFile; fileRef = DCCECFFF274E974B002EEABD /* Stamp_1.swift */; };
/* End PBXBuildFile section */

/* Begin PBXFileReference section */
		DC16955A2768952E0050460F /* GoogleService-Info.plist */ = {isa = PBXFileReference; fileEncoding = 4; lastKnownFileType = text.plist.xml; path = "GoogleService-Info.plist"; sourceTree = "<group>"; };
		DC3B4438274F86AC009C07D3 /* Stamp_2.xib */ = {isa = PBXFileReference; lastKnownFileType = file.xib; path = Stamp_2.xib; sourceTree = "<group>"; };
		DC3B443A274F888E009C07D3 /* Stamp_2.swift */ = {isa = PBXFileReference; lastKnownFileType = sourcecode.swift; path = Stamp_2.swift; sourceTree = "<group>"; };
		DC3B443C274FCD74009C07D3 /* StampDesign.swift */ = {isa = PBXFileReference; lastKnownFileType = sourcecode.swift; path = StampDesign.swift; sourceTree = "<group>"; };
		DC3B443E274FD1BC009C07D3 /* UIColor+Extension.swift */ = {isa = PBXFileReference; lastKnownFileType = sourcecode.swift; path = "UIColor+Extension.swift"; sourceTree = "<group>"; };
		DC8639AF275E496400714ECE /* Toast+Extension.swift */ = {isa = PBXFileReference; lastKnownFileType = sourcecode.swift; path = "Toast+Extension.swift"; sourceTree = "<group>"; };
		DC8639B82760E95100714ECE /* UserTagSelect.storyboard */ = {isa = PBXFileReference; lastKnownFileType = file.storyboard; path = UserTagSelect.storyboard; sourceTree = "<group>"; };
		DC8639BA2760E95E00714ECE /* UserTagSelectViewController.swift */ = {isa = PBXFileReference; lastKnownFileType = sourcecode.swift; path = UserTagSelectViewController.swift; sourceTree = "<group>"; };
		DC8639BC2760EB6B00714ECE /* UserTagSelectTableViewCell.swift */ = {isa = PBXFileReference; lastKnownFileType = sourcecode.swift; path = UserTagSelectTableViewCell.swift; sourceTree = "<group>"; };
		DC927F6B27570E53005A919B /* UserAppVersion.storyboard */ = {isa = PBXFileReference; lastKnownFileType = file.storyboard; path = UserAppVersion.storyboard; sourceTree = "<group>"; };
		DC927F6D27573A14005A919B /* Stamp_6.swift */ = {isa = PBXFileReference; lastKnownFileType = sourcecode.swift; path = Stamp_6.swift; sourceTree = "<group>"; };
		DC927F6F27573A2F005A919B /* Stamp_6.xib */ = {isa = PBXFileReference; lastKnownFileType = file.xib; path = Stamp_6.xib; sourceTree = "<group>"; };
		DC927F7127573C71005A919B /* Stamp_7.xib */ = {isa = PBXFileReference; lastKnownFileType = file.xib; path = Stamp_7.xib; sourceTree = "<group>"; };
		DC927F7327573C80005A919B /* Stamp_7.swift */ = {isa = PBXFileReference; lastKnownFileType = sourcecode.swift; path = Stamp_7.swift; sourceTree = "<group>"; };
		DC927F7527573DBF005A919B /* Stamp_8.swift */ = {isa = PBXFileReference; lastKnownFileType = sourcecode.swift; path = Stamp_8.swift; sourceTree = "<group>"; };
		DC927F7727573DCA005A919B /* Stamp_8.xib */ = {isa = PBXFileReference; lastKnownFileType = file.xib; path = Stamp_8.xib; sourceTree = "<group>"; };
		DC927F7927573FD1005A919B /* Stamp_9.swift */ = {isa = PBXFileReference; lastKnownFileType = sourcecode.swift; path = Stamp_9.swift; sourceTree = "<group>"; };
		DC927F7D27574010005A919B /* Stamp_9.xib */ = {isa = PBXFileReference; lastKnownFileType = file.xib; path = Stamp_9.xib; sourceTree = "<group>"; };
		DC927F7F275744B3005A919B /* Stamp_10.swift */ = {isa = PBXFileReference; lastKnownFileType = sourcecode.swift; path = Stamp_10.swift; sourceTree = "<group>"; };
		DC927F81275744BA005A919B /* Stamp_10.xib */ = {isa = PBXFileReference; lastKnownFileType = file.xib; path = Stamp_10.xib; sourceTree = "<group>"; };
		DC927F8327574BDB005A919B /* Stamp_11.swift */ = {isa = PBXFileReference; lastKnownFileType = sourcecode.swift; path = Stamp_11.swift; sourceTree = "<group>"; };
		DC927F8527574BE4005A919B /* Stamp_11.xib */ = {isa = PBXFileReference; lastKnownFileType = file.xib; path = Stamp_11.xib; sourceTree = "<group>"; };
		DC927F872757529A005A919B /* Stamp_12.swift */ = {isa = PBXFileReference; lastKnownFileType = sourcecode.swift; path = Stamp_12.swift; sourceTree = "<group>"; };
		DC927F89275752A5005A919B /* Stamp_12.xib */ = {isa = PBXFileReference; lastKnownFileType = file.xib; path = Stamp_12.xib; sourceTree = "<group>"; };
		DC927F8B2757546D005A919B /* Stamp_13.swift */ = {isa = PBXFileReference; lastKnownFileType = sourcecode.swift; path = Stamp_13.swift; sourceTree = "<group>"; };
		DC927F8D27575476005A919B /* Stamp_13.xib */ = {isa = PBXFileReference; lastKnownFileType = file.xib; path = Stamp_13.xib; sourceTree = "<group>"; };
		DC927F8F27575718005A919B /* Stamp_14.swift */ = {isa = PBXFileReference; lastKnownFileType = sourcecode.swift; path = Stamp_14.swift; sourceTree = "<group>"; };
		DC927F9127575720005A919B /* Stamp_14.xib */ = {isa = PBXFileReference; lastKnownFileType = file.xib; path = Stamp_14.xib; sourceTree = "<group>"; };
		DC927F9327575930005A919B /* Stamp_15.swift */ = {isa = PBXFileReference; lastKnownFileType = sourcecode.swift; path = Stamp_15.swift; sourceTree = "<group>"; };
		DC927F9527575938005A919B /* Stamp_15.xib */ = {isa = PBXFileReference; lastKnownFileType = file.xib; path = Stamp_15.xib; sourceTree = "<group>"; };
		DC927F9727575C0D005A919B /* HeirofLightOTFBold.otf */ = {isa = PBXFileReference; lastKnownFileType = file; path = HeirofLightOTFBold.otf; sourceTree = "<group>"; };
		DC927FA5275766F1005A919B /* KOTRA HOPE_OTF.otf */ = {isa = PBXFileReference; lastKnownFileType = file; path = "KOTRA HOPE_OTF.otf"; sourceTree = "<group>"; };
		DC927FA927576962005A919B /* esamanru OTF Bold.otf */ = {isa = PBXFileReference; lastKnownFileType = file; path = "esamanru OTF Bold.otf"; sourceTree = "<group>"; };
		DC927FAB27576A45005A919B /* DungGeunMo.otf */ = {isa = PBXFileReference; lastKnownFileType = file; path = DungGeunMo.otf; sourceTree = "<group>"; };
		DC927FAD27576CD6005A919B /* JejuMyeongjoOTF.otf */ = {isa = PBXFileReference; lastKnownFileType = file; path = JejuMyeongjoOTF.otf; sourceTree = "<group>"; };
		DC927FB127576EB3005A919B /* Kyobo Handwriting 2019.otf */ = {isa = PBXFileReference; lastKnownFileType = file; path = "Kyobo Handwriting 2019.otf"; sourceTree = "<group>"; };
		DC927FB327579C1D005A919B /* UserAppVersionViewController.swift */ = {isa = PBXFileReference; lastKnownFileType = sourcecode.swift; path = UserAppVersionViewController.swift; sourceTree = "<group>"; };
		DC927FB52757A196005A919B /* OpenSourceLicense.storyboard */ = {isa = PBXFileReference; lastKnownFileType = file.storyboard; path = OpenSourceLicense.storyboard; sourceTree = "<group>"; };
		DC927FB72757A1A7005A919B /* OpenSourceLicenseViewController.swift */ = {isa = PBXFileReference; lastKnownFileType = sourcecode.swift; path = OpenSourceLicenseViewController.swift; sourceTree = "<group>"; };
		DC927FB92757BA08005A919B /* PrivacyPolicy.html */ = {isa = PBXFileReference; lastKnownFileType = text.html; path = PrivacyPolicy.html; sourceTree = "<group>"; };
		DC927FBA2757BA8F005A919B /* Privacy.storyboard */ = {isa = PBXFileReference; lastKnownFileType = file.storyboard; path = Privacy.storyboard; sourceTree = "<group>"; };
		DC927FBC2757BA9A005A919B /* PrivacyViewController.swift */ = {isa = PBXFileReference; lastKnownFileType = sourcecode.swift; path = PrivacyViewController.swift; sourceTree = "<group>"; };
		DCCDA45C27520F02002038C0 /* DesignCollectionViewCell.swift */ = {isa = PBXFileReference; lastKnownFileType = sourcecode.swift; path = DesignCollectionViewCell.swift; sourceTree = "<group>"; };
		DCCDA45D27520F02002038C0 /* DesignCollectionViewCell.xib */ = {isa = PBXFileReference; lastKnownFileType = file.xib; path = DesignCollectionViewCell.xib; sourceTree = "<group>"; };
		DCCDA46027522CD6002038C0 /* Date+Extension.swift */ = {isa = PBXFileReference; lastKnownFileType = sourcecode.swift; path = "Date+Extension.swift"; sourceTree = "<group>"; };
		DCCDA46227528ABC002038C0 /* Stamp_3.xib */ = {isa = PBXFileReference; lastKnownFileType = file.xib; path = Stamp_3.xib; sourceTree = "<group>"; };
		DCCDA46427528ACE002038C0 /* Stamp_3.swift */ = {isa = PBXFileReference; lastKnownFileType = sourcecode.swift; path = Stamp_3.swift; sourceTree = "<group>"; };
		DCCDA46627533815002038C0 /* Stamp_4.xib */ = {isa = PBXFileReference; lastKnownFileType = file.xib; path = Stamp_4.xib; sourceTree = "<group>"; };
		DCCDA46827533822002038C0 /* Stamp_4.swift */ = {isa = PBXFileReference; lastKnownFileType = sourcecode.swift; path = Stamp_4.swift; sourceTree = "<group>"; };
		DCCDA46A27533A0F002038C0 /* Stamp_5.swift */ = {isa = PBXFileReference; lastKnownFileType = sourcecode.swift; path = Stamp_5.swift; sourceTree = "<group>"; };
		DCCDA46C27533A1B002038C0 /* Stamp_5.xib */ = {isa = PBXFileReference; lastKnownFileType = file.xib; path = Stamp_5.xib; sourceTree = "<group>"; };
		DCCDA46E27546CA7002038C0 /* UserTagAlbum.storyboard */ = {isa = PBXFileReference; lastKnownFileType = file.storyboard; path = UserTagAlbum.storyboard; sourceTree = "<group>"; };
		DCCDA47027546CCA002038C0 /* UserTagAlbumViewController.swift */ = {isa = PBXFileReference; lastKnownFileType = sourcecode.swift; path = UserTagAlbumViewController.swift; sourceTree = "<group>"; };
		DCCDA4812754C036002038C0 /* Info.plist */ = {isa = PBXFileReference; fileEncoding = 4; lastKnownFileType = text.plist.xml; path = Info.plist; sourceTree = "<group>"; };
		DCCDA4832754D05C002038C0 /* TagAlbumTableViewCell.swift */ = {isa = PBXFileReference; lastKnownFileType = sourcecode.swift; name = TagAlbumTableViewCell.swift; path = TimeDiary/TableViewCell/TagAlbumTableViewCell.swift; sourceTree = SOURCE_ROOT; };
		DCCDA4872754D20C002038C0 /* TagAlbumCollectionViewCell.swift */ = {isa = PBXFileReference; lastKnownFileType = sourcecode.swift; path = TagAlbumCollectionViewCell.swift; sourceTree = "<group>"; };
		DCCDA4882754D20C002038C0 /* TagAlbumCollectionViewCell.xib */ = {isa = PBXFileReference; lastKnownFileType = file.xib; path = TagAlbumCollectionViewCell.xib; sourceTree = "<group>"; };
		DCCDA48B2754E06B002038C0 /* UserTagAlbumDetail.storyboard */ = {isa = PBXFileReference; lastKnownFileType = file.storyboard; path = UserTagAlbumDetail.storyboard; sourceTree = "<group>"; };
		DCCDA48D2754E086002038C0 /* UserTagAlbumDetailViewController.swift */ = {isa = PBXFileReference; lastKnownFileType = sourcecode.swift; path = UserTagAlbumDetailViewController.swift; sourceTree = "<group>"; };
		DCCDA49827567715002038C0 /* en */ = {isa = PBXFileReference; lastKnownFileType = text.plist.strings; name = en; path = en.lproj/InfoPlist.strings; sourceTree = "<group>"; };
		DCCDA49A27567718002038C0 /* ko */ = {isa = PBXFileReference; lastKnownFileType = text.plist.strings; name = ko; path = ko.lproj/InfoPlist.strings; sourceTree = "<group>"; };
		DCCECFA327463FB7002EEABD /* TimeDiary.app */ = {isa = PBXFileReference; explicitFileType = wrapper.application; includeInIndex = 0; path = TimeDiary.app; sourceTree = BUILT_PRODUCTS_DIR; };
		DCCECFA627463FB7002EEABD /* AppDelegate.swift */ = {isa = PBXFileReference; lastKnownFileType = sourcecode.swift; path = AppDelegate.swift; sourceTree = "<group>"; };
		DCCECFA827463FB7002EEABD /* SceneDelegate.swift */ = {isa = PBXFileReference; lastKnownFileType = sourcecode.swift; path = SceneDelegate.swift; sourceTree = "<group>"; };
		DCCECFAA27463FB7002EEABD /* ViewController.swift */ = {isa = PBXFileReference; lastKnownFileType = sourcecode.swift; path = ViewController.swift; sourceTree = "<group>"; };
		DCCECFAF27463FB9002EEABD /* Assets.xcassets */ = {isa = PBXFileReference; lastKnownFileType = folder.assetcatalog; path = Assets.xcassets; sourceTree = "<group>"; };
		DCCECFB227463FB9002EEABD /* Base */ = {isa = PBXFileReference; lastKnownFileType = file.storyboard; name = Base; path = Base.lproj/LaunchScreen.storyboard; sourceTree = "<group>"; };
		DCCECFC027465233002EEABD /* UserAlbum.storyboard */ = {isa = PBXFileReference; lastKnownFileType = file.storyboard; path = UserAlbum.storyboard; sourceTree = "<group>"; };
		DCCECFC2274652DD002EEABD /* UserAlbumViewController.swift */ = {isa = PBXFileReference; lastKnownFileType = sourcecode.swift; path = UserAlbumViewController.swift; sourceTree = "<group>"; };
		DCCECFC42746855C002EEABD /* ImageEdit.storyboard */ = {isa = PBXFileReference; lastKnownFileType = file.storyboard; path = ImageEdit.storyboard; sourceTree = "<group>"; };
		DCCECFC627468568002EEABD /* ImageEditViewController.swift */ = {isa = PBXFileReference; lastKnownFileType = sourcecode.swift; path = ImageEditViewController.swift; sourceTree = "<group>"; };
		DCCECFCA27492559002EEABD /* AddDiary.storyboard */ = {isa = PBXFileReference; lastKnownFileType = file.storyboard; path = AddDiary.storyboard; sourceTree = "<group>"; };
		DCCECFCC27492574002EEABD /* AddDiaryViewController.swift */ = {isa = PBXFileReference; lastKnownFileType = sourcecode.swift; path = AddDiaryViewController.swift; sourceTree = "<group>"; };
		DCCECFCE274A6D93002EEABD /* TimeStampDesignCollectionViewCell.swift */ = {isa = PBXFileReference; lastKnownFileType = sourcecode.swift; path = TimeStampDesignCollectionViewCell.swift; sourceTree = "<group>"; };
		DCCECFD0274B4764002EEABD /* identifier.swift */ = {isa = PBXFileReference; lastKnownFileType = sourcecode.swift; path = identifier.swift; sourceTree = "<group>"; };
		DCCECFD2274B48B8002EEABD /* UserDiary.storyboard */ = {isa = PBXFileReference; lastKnownFileType = file.storyboard; path = UserDiary.storyboard; sourceTree = "<group>"; };
		DCCECFD4274B48C5002EEABD /* UserSetting.storyboard */ = {isa = PBXFileReference; lastKnownFileType = file.storyboard; path = UserSetting.storyboard; sourceTree = "<group>"; };
		DCCECFD8274B4B60002EEABD /* UserSettingViewController.swift */ = {isa = PBXFileReference; lastKnownFileType = sourcecode.swift; path = UserSettingViewController.swift; sourceTree = "<group>"; };
		DCCECFDB274B8AF1002EEABD /* RealmModel.swift */ = {isa = PBXFileReference; lastKnownFileType = sourcecode.swift; path = RealmModel.swift; sourceTree = "<group>"; };
		DCCECFE3274B9D02002EEABD /* UIFont+Extension.swift */ = {isa = PBXFileReference; lastKnownFileType = sourcecode.swift; path = "UIFont+Extension.swift"; sourceTree = "<group>"; };
		DCCECFE5274B9DBF002EEABD /* UserDiaryViewController.swift */ = {isa = PBXFileReference; lastKnownFileType = sourcecode.swift; path = UserDiaryViewController.swift; sourceTree = "<group>"; };
		DCCECFE7274BA3B5002EEABD /* DiaryTagTableViewCell.swift */ = {isa = PBXFileReference; lastKnownFileType = sourcecode.swift; path = DiaryTagTableViewCell.swift; sourceTree = "<group>"; };
		DCCECFE9274BD061002EEABD /* SettingTableViewCell.swift */ = {isa = PBXFileReference; lastKnownFileType = sourcecode.swift; path = SettingTableViewCell.swift; sourceTree = "<group>"; };
		DCCECFEF274CEAC0002EEABD /* en */ = {isa = PBXFileReference; lastKnownFileType = text.plist.strings; name = en; path = en.lproj/Localizable.strings; sourceTree = "<group>"; };
		DCCECFF3274D11F8002EEABD /* ko */ = {isa = PBXFileReference; lastKnownFileType = text.plist.strings; name = ko; path = ko.lproj/LaunchScreen.strings; sourceTree = "<group>"; };
		DCCECFF4274D1204002EEABD /* ko */ = {isa = PBXFileReference; lastKnownFileType = text.plist.strings; name = ko; path = ko.lproj/Localizable.strings; sourceTree = "<group>"; };
		DCCECFF6274D2D22002EEABD /* KOTRA_SONGEULSSI.otf */ = {isa = PBXFileReference; lastKnownFileType = file; path = KOTRA_SONGEULSSI.otf; sourceTree = "<group>"; };
		DCCECFF8274D2D38002EEABD /* KOTRA LEAP_OTF.otf */ = {isa = PBXFileReference; lastKnownFileType = file; path = "KOTRA LEAP_OTF.otf"; sourceTree = "<group>"; };
		DCCECFFA274E135D002EEABD /* Stamp_1.xib */ = {isa = PBXFileReference; lastKnownFileType = file.xib; path = Stamp_1.xib; sourceTree = "<group>"; };
		DCCECFFF274E974B002EEABD /* Stamp_1.swift */ = {isa = PBXFileReference; lastKnownFileType = sourcecode.swift; path = Stamp_1.swift; sourceTree = "<group>"; };
/* End PBXFileReference section */

/* Begin PBXFrameworksBuildPhase section */
		DCCECFA027463FB7002EEABD /* Frameworks */ = {
			isa = PBXFrameworksBuildPhase;
			buildActionMask = 2147483647;
			files = (
				DCCDA49127552F1D002038C0 /* Toast in Frameworks */,
				DC169556276879780050460F /* FirebaseAnalyticsWithoutAdIdSupport in Frameworks */,
				DCCDA494275545DF002038C0 /* IQKeyboardManagerSwift in Frameworks */,
				DC169558276879780050460F /* FirebaseCrashlytics in Frameworks */,
				DCCECFE1274B8B35002EEABD /* RealmSwift in Frameworks */,
				DCCECFDF274B8B35002EEABD /* Realm in Frameworks */,
			);
			runOnlyForDeploymentPostprocessing = 0;
		};
/* End PBXFrameworksBuildPhase section */

/* Begin PBXGroup section */
		DCCECF9A27463FB7002EEABD = {
			isa = PBXGroup;
			children = (
				DCCECFA527463FB7002EEABD /* TimeDiary */,
				DCCECFA427463FB7002EEABD /* Products */,
			);
			sourceTree = "<group>";
		};
		DCCECFA427463FB7002EEABD /* Products */ = {
			isa = PBXGroup;
			children = (
				DCCECFA327463FB7002EEABD /* TimeDiary.app */,
			);
			name = Products;
			sourceTree = "<group>";
		};
		DCCECFA527463FB7002EEABD /* TimeDiary */ = {
			isa = PBXGroup;
			children = (
				DCCECFFC274E1449002EEABD /* TimeStampDesignView */,
				DCCECFF5274D2CD8002EEABD /* Font */,
				DCCECFEB274CEA84002EEABD /* Localization */,
				DCCECFE2274B9CEE002EEABD /* Extension */,
				DCCECFDA274B8AD1002EEABD /* Realm */,
				DCCECFBF2746400F002EEABD /* TableViewCell */,
				DCCECFBD27463FF1002EEABD /* CollectionViewCell */,
				DCCECFBB27463FD8002EEABD /* ViewController */,
				DCCECFBA27463FD0002EEABD /* StoryBoard */,
				DCCECFA627463FB7002EEABD /* AppDelegate.swift */,
				DCCECFD0274B4764002EEABD /* identifier.swift */,
				DC927FB92757BA08005A919B /* PrivacyPolicy.html */,
				DCCECFA827463FB7002EEABD /* SceneDelegate.swift */,
				DCCDA49927567715002038C0 /* InfoPlist.strings */,
				DCCDA4812754C036002038C0 /* Info.plist */,
				DC16955A2768952E0050460F /* GoogleService-Info.plist */,
				DCCECFAA27463FB7002EEABD /* ViewController.swift */,
				DCCECFAF27463FB9002EEABD /* Assets.xcassets */,
			);
			path = TimeDiary;
			sourceTree = "<group>";
		};
		DCCECFBA27463FD0002EEABD /* StoryBoard */ = {
			isa = PBXGroup;
			children = (
				DCCECFB127463FB9002EEABD /* LaunchScreen.storyboard */,
				DCCECFC027465233002EEABD /* UserAlbum.storyboard */,
				DCCECFC42746855C002EEABD /* ImageEdit.storyboard */,
				DCCECFCA27492559002EEABD /* AddDiary.storyboard */,
				DCCECFD2274B48B8002EEABD /* UserDiary.storyboard */,
				DCCDA46E27546CA7002038C0 /* UserTagAlbum.storyboard */,
				DCCDA48B2754E06B002038C0 /* UserTagAlbumDetail.storyboard */,
				DCCECFD4274B48C5002EEABD /* UserSetting.storyboard */,
				DC927F6B27570E53005A919B /* UserAppVersion.storyboard */,
				DC927FB52757A196005A919B /* OpenSourceLicense.storyboard */,
				DC927FBA2757BA8F005A919B /* Privacy.storyboard */,
				DC8639B82760E95100714ECE /* UserTagSelect.storyboard */,
			);
			path = StoryBoard;
			sourceTree = "<group>";
		};
		DCCECFBB27463FD8002EEABD /* ViewController */ = {
			isa = PBXGroup;
			children = (
				DCCECFC2274652DD002EEABD /* UserAlbumViewController.swift */,
				DCCECFCC27492574002EEABD /* AddDiaryViewController.swift */,
				DCCECFC627468568002EEABD /* ImageEditViewController.swift */,
				DCCECFD8274B4B60002EEABD /* UserSettingViewController.swift */,
				DCCECFE5274B9DBF002EEABD /* UserDiaryViewController.swift */,
				DCCDA47027546CCA002038C0 /* UserTagAlbumViewController.swift */,
				DCCDA48D2754E086002038C0 /* UserTagAlbumDetailViewController.swift */,
				DC927FB327579C1D005A919B /* UserAppVersionViewController.swift */,
				DC927FB72757A1A7005A919B /* OpenSourceLicenseViewController.swift */,
				DC927FBC2757BA9A005A919B /* PrivacyViewController.swift */,
				DC8639BA2760E95E00714ECE /* UserTagSelectViewController.swift */,
			);
			path = ViewController;
			sourceTree = "<group>";
		};
		DCCECFBD27463FF1002EEABD /* CollectionViewCell */ = {
			isa = PBXGroup;
			children = (
				DCCECFCE274A6D93002EEABD /* TimeStampDesignCollectionViewCell.swift */,
				DCCDA45C27520F02002038C0 /* DesignCollectionViewCell.swift */,
				DCCDA45D27520F02002038C0 /* DesignCollectionViewCell.xib */,
				DCCDA4872754D20C002038C0 /* TagAlbumCollectionViewCell.swift */,
				DCCDA4882754D20C002038C0 /* TagAlbumCollectionViewCell.xib */,
			);
			path = CollectionViewCell;
			sourceTree = "<group>";
		};
		DCCECFBF2746400F002EEABD /* TableViewCell */ = {
			isa = PBXGroup;
			children = (
				DCCECFE7274BA3B5002EEABD /* DiaryTagTableViewCell.swift */,
				DCCECFE9274BD061002EEABD /* SettingTableViewCell.swift */,
				DCCDA4832754D05C002038C0 /* TagAlbumTableViewCell.swift */,
				DC8639BC2760EB6B00714ECE /* UserTagSelectTableViewCell.swift */,
			);
			path = TableViewCell;
			sourceTree = "<group>";
		};
		DCCECFDA274B8AD1002EEABD /* Realm */ = {
			isa = PBXGroup;
			children = (
				DCCECFDB274B8AF1002EEABD /* RealmModel.swift */,
			);
			path = Realm;
			sourceTree = "<group>";
		};
		DCCECFE2274B9CEE002EEABD /* Extension */ = {
			isa = PBXGroup;
			children = (
				DCCECFE3274B9D02002EEABD /* UIFont+Extension.swift */,
				DC3B443E274FD1BC009C07D3 /* UIColor+Extension.swift */,
				DCCDA46027522CD6002038C0 /* Date+Extension.swift */,
				DC8639AF275E496400714ECE /* Toast+Extension.swift */,
			);
			path = Extension;
			sourceTree = "<group>";
		};
		DCCECFEB274CEA84002EEABD /* Localization */ = {
			isa = PBXGroup;
			children = (
				DCCECFF0274CEAC0002EEABD /* Localizable.strings */,
			);
			path = Localization;
			sourceTree = "<group>";
		};
		DCCECFF5274D2CD8002EEABD /* Font */ = {
			isa = PBXGroup;
			children = (
				DCCECFF8274D2D38002EEABD /* KOTRA LEAP_OTF.otf */,
				DCCECFF6274D2D22002EEABD /* KOTRA_SONGEULSSI.otf */,
				DC927FA5275766F1005A919B /* KOTRA HOPE_OTF.otf */,
				DC927F9727575C0D005A919B /* HeirofLightOTFBold.otf */,
				DC927FA927576962005A919B /* esamanru OTF Bold.otf */,
				DC927FAB27576A45005A919B /* DungGeunMo.otf */,
				DC927FAD27576CD6005A919B /* JejuMyeongjoOTF.otf */,
				DC927FB127576EB3005A919B /* Kyobo Handwriting 2019.otf */,
			);
			path = Font;
			sourceTree = "<group>";
		};
		DCCECFFC274E1449002EEABD /* TimeStampDesignView */ = {
			isa = PBXGroup;
			children = (
				DC3B443C274FCD74009C07D3 /* StampDesign.swift */,
				DCCECFFF274E974B002EEABD /* Stamp_1.swift */,
				DCCECFFA274E135D002EEABD /* Stamp_1.xib */,
				DC3B443A274F888E009C07D3 /* Stamp_2.swift */,
				DC3B4438274F86AC009C07D3 /* Stamp_2.xib */,
				DCCDA46427528ACE002038C0 /* Stamp_3.swift */,
				DCCDA46227528ABC002038C0 /* Stamp_3.xib */,
				DCCDA46827533822002038C0 /* Stamp_4.swift */,
				DCCDA46627533815002038C0 /* Stamp_4.xib */,
				DCCDA46A27533A0F002038C0 /* Stamp_5.swift */,
				DCCDA46C27533A1B002038C0 /* Stamp_5.xib */,
				DC927F6D27573A14005A919B /* Stamp_6.swift */,
				DC927F6F27573A2F005A919B /* Stamp_6.xib */,
				DC927F7327573C80005A919B /* Stamp_7.swift */,
				DC927F7127573C71005A919B /* Stamp_7.xib */,
				DC927F7527573DBF005A919B /* Stamp_8.swift */,
				DC927F7727573DCA005A919B /* Stamp_8.xib */,
				DC927F7927573FD1005A919B /* Stamp_9.swift */,
				DC927F7D27574010005A919B /* Stamp_9.xib */,
				DC927F7F275744B3005A919B /* Stamp_10.swift */,
				DC927F81275744BA005A919B /* Stamp_10.xib */,
				DC927F8327574BDB005A919B /* Stamp_11.swift */,
				DC927F8527574BE4005A919B /* Stamp_11.xib */,
				DC927F872757529A005A919B /* Stamp_12.swift */,
				DC927F89275752A5005A919B /* Stamp_12.xib */,
				DC927F8B2757546D005A919B /* Stamp_13.swift */,
				DC927F8D27575476005A919B /* Stamp_13.xib */,
				DC927F8F27575718005A919B /* Stamp_14.swift */,
				DC927F9127575720005A919B /* Stamp_14.xib */,
				DC927F9327575930005A919B /* Stamp_15.swift */,
				DC927F9527575938005A919B /* Stamp_15.xib */,
			);
			path = TimeStampDesignView;
			sourceTree = "<group>";
		};
/* End PBXGroup section */

/* Begin PBXNativeTarget section */
		DCCECFA227463FB7002EEABD /* TimeDiary */ = {
			isa = PBXNativeTarget;
			buildConfigurationList = DCCECFB727463FB9002EEABD /* Build configuration list for PBXNativeTarget "TimeDiary" */;
			buildPhases = (
				DCCECF9F27463FB7002EEABD /* Sources */,
				DCCECFA027463FB7002EEABD /* Frameworks */,
				DCCECFA127463FB7002EEABD /* Resources */,
				DC169559276879DA0050460F /* ShellScript */,
			);
			buildRules = (
			);
			dependencies = (
			);
			name = TimeDiary;
			packageProductDependencies = (
				DCCECFDE274B8B35002EEABD /* Realm */,
				DCCECFE0274B8B35002EEABD /* RealmSwift */,
				DCCDA49027552F1D002038C0 /* Toast */,
				DCCDA493275545DF002038C0 /* IQKeyboardManagerSwift */,
				DC169555276879780050460F /* FirebaseAnalyticsWithoutAdIdSupport */,
				DC169557276879780050460F /* FirebaseCrashlytics */,
			);
			productName = TimeDiary;
			productReference = DCCECFA327463FB7002EEABD /* TimeDiary.app */;
			productType = "com.apple.product-type.application";
		};
/* End PBXNativeTarget section */

/* Begin PBXProject section */
		DCCECF9B27463FB7002EEABD /* Project object */ = {
			isa = PBXProject;
			attributes = {
				BuildIndependentTargetsInParallel = 1;
				LastSwiftUpdateCheck = 1300;
				LastUpgradeCheck = 1300;
				TargetAttributes = {
					DCCECFA227463FB7002EEABD = {
						CreatedOnToolsVersion = 13.0;
					};
				};
			};
			buildConfigurationList = DCCECF9E27463FB7002EEABD /* Build configuration list for PBXProject "TimeDiary" */;
			compatibilityVersion = "Xcode 13.0";
			developmentRegion = en;
			hasScannedForEncodings = 0;
			knownRegions = (
				en,
				Base,
				ko,
			);
			mainGroup = DCCECF9A27463FB7002EEABD;
			packageReferences = (
				DCCECFDD274B8B35002EEABD /* XCRemoteSwiftPackageReference "realm-cocoa" */,
				DCCDA48F27552F1D002038C0 /* XCRemoteSwiftPackageReference "Toast-Swift" */,
				DCCDA492275545DF002038C0 /* XCRemoteSwiftPackageReference "IQKeyboardManager" */,
				DC169554276879780050460F /* XCRemoteSwiftPackageReference "firebase-ios-sdk" */,
			);
			productRefGroup = DCCECFA427463FB7002EEABD /* Products */;
			projectDirPath = "";
			projectRoot = "";
			targets = (
				DCCECFA227463FB7002EEABD /* TimeDiary */,
			);
		};
/* End PBXProject section */

/* Begin PBXResourcesBuildPhase section */
		DCCECFA127463FB7002EEABD /* Resources */ = {
			isa = PBXResourcesBuildPhase;
			buildActionMask = 2147483647;
			files = (
				DCCECFFB274E135D002EEABD /* Stamp_1.xib in Resources */,
				DCCECFC52746855C002EEABD /* ImageEdit.storyboard in Resources */,
				DCCECFD5274B48C5002EEABD /* UserSetting.storyboard in Resources */,
				DC927F6C27570E53005A919B /* UserAppVersion.storyboard in Resources */,
				DC927F82275744BA005A919B /* Stamp_10.xib in Resources */,
				DCCECFB327463FB9002EEABD /* LaunchScreen.storyboard in Resources */,
				DC927F8627574BE4005A919B /* Stamp_11.xib in Resources */,
				DC927F7E27574010005A919B /* Stamp_9.xib in Resources */,
				DC927FBB2757BA8F005A919B /* Privacy.storyboard in Resources */,
				DC927F8A275752A5005A919B /* Stamp_12.xib in Resources */,
				DCCECFB027463FB9002EEABD /* Assets.xcassets in Resources */,
				DC927FAC27576A45005A919B /* DungGeunMo.otf in Resources */,
				DC927F7027573A30005A919B /* Stamp_6.xib in Resources */,
				DCCDA46F27546CA7002038C0 /* UserTagAlbum.storyboard in Resources */,
				DC927F9827575C0D005A919B /* HeirofLightOTFBold.otf in Resources */,
				DC927F9227575720005A919B /* Stamp_14.xib in Resources */,
				DC927F7827573DCA005A919B /* Stamp_8.xib in Resources */,
				DCCDA46D27533A1B002038C0 /* Stamp_5.xib in Resources */,
				DC8639B92760E95100714ECE /* UserTagSelect.storyboard in Resources */,
				DCCDA48C2754E06B002038C0 /* UserTagAlbumDetail.storyboard in Resources */,
				DCCDA46727533815002038C0 /* Stamp_4.xib in Resources */,
				DC927F7227573C71005A919B /* Stamp_7.xib in Resources */,
				DCCDA49727567715002038C0 /* InfoPlist.strings in Resources */,
				DCCECFF7274D2D22002EEABD /* KOTRA_SONGEULSSI.otf in Resources */,
				DC927FAA27576962005A919B /* esamanru OTF Bold.otf in Resources */,
				DC927F9627575938005A919B /* Stamp_15.xib in Resources */,
				DCCDA45F27520F02002038C0 /* DesignCollectionViewCell.xib in Resources */,
				DC927FB227576EB3005A919B /* Kyobo Handwriting 2019.otf in Resources */,
				DC927F8E27575476005A919B /* Stamp_13.xib in Resources */,
				DCCDA46327528ABC002038C0 /* Stamp_3.xib in Resources */,
				DCCECFD3274B48B8002EEABD /* UserDiary.storyboard in Resources */,
				DCCECFF9274D2D38002EEABD /* KOTRA LEAP_OTF.otf in Resources */,
				DC927FAE27576CD6005A919B /* JejuMyeongjoOTF.otf in Resources */,
				DCCECFEE274CEAC0002EEABD /* Localizable.strings in Resources */,
				DC3B4439274F86AC009C07D3 /* Stamp_2.xib in Resources */,
				DCCDA48A2754D20C002038C0 /* TagAlbumCollectionViewCell.xib in Resources */,
				DC927FA6275766F2005A919B /* KOTRA HOPE_OTF.otf in Resources */,
				DC927FB62757A196005A919B /* OpenSourceLicense.storyboard in Resources */,
				DCCECFC127465234002EEABD /* UserAlbum.storyboard in Resources */,
				DC16955B2768952E0050460F /* GoogleService-Info.plist in Resources */,
				DCCECFCB27492559002EEABD /* AddDiary.storyboard in Resources */,
			);
			runOnlyForDeploymentPostprocessing = 0;
		};
/* End PBXResourcesBuildPhase section */

/* Begin PBXShellScriptBuildPhase section */
		DC169559276879DA0050460F /* ShellScript */ = {
			isa = PBXShellScriptBuildPhase;
			buildActionMask = 2147483647;
			files = (
			);
			inputFileListPaths = (
			);
			inputPaths = (
				"$(SRCROOT)/${DWARF_DSYM_FOLDER_PATH}/${DWARF_DSYM_FILE_NAME}/Contents/Resources/DWARF/${TARGET_NAME}",
			);
			outputFileListPaths = (
			);
			outputPaths = (
			);
			runOnlyForDeploymentPostprocessing = 0;
			shellPath = /bin/sh;
			shellScript = "# Type a script or drag a script file from your workspace to insert its path.\n\"${BUILD_DIR%Build/*}SourcePackages/checkouts/firebase-ios-sdk/Crashlytics/run\"\n";
		};
/* End PBXShellScriptBuildPhase section */

/* Begin PBXSourcesBuildPhase section */
		DCCECF9F27463FB7002EEABD /* Sources */ = {
			isa = PBXSourcesBuildPhase;
			buildActionMask = 2147483647;
			files = (
				DCCECFD9274B4B60002EEABD /* UserSettingViewController.swift in Sources */,
				DC927F7A27573FD1005A919B /* Stamp_9.swift in Sources */,
				DC3B443B274F888E009C07D3 /* Stamp_2.swift in Sources */,
				DC927F6E27573A14005A919B /* Stamp_6.swift in Sources */,
				DC927F8427574BDB005A919B /* Stamp_11.swift in Sources */,
				DCCDA4892754D20C002038C0 /* TagAlbumCollectionViewCell.swift in Sources */,
				DC3B443D274FCD74009C07D3 /* StampDesign.swift in Sources */,
				DC3B443F274FD1BC009C07D3 /* UIColor+Extension.swift in Sources */,
				DCCDA48E2754E086002038C0 /* UserTagAlbumDetailViewController.swift in Sources */,
				DCCDA4842754D05C002038C0 /* TagAlbumTableViewCell.swift in Sources */,
				DCCDA47127546CCA002038C0 /* UserTagAlbumViewController.swift in Sources */,
				DCCECFAB27463FB7002EEABD /* ViewController.swift in Sources */,
				DC927F9427575930005A919B /* Stamp_15.swift in Sources */,
				DCCDA46127522CD6002038C0 /* Date+Extension.swift in Sources */,
				DCCECFEA274BD061002EEABD /* SettingTableViewCell.swift in Sources */,
				DCCECFC727468568002EEABD /* ImageEditViewController.swift in Sources */,
				DC8639BD2760EB6B00714ECE /* UserTagSelectTableViewCell.swift in Sources */,
				DC927F80275744B3005A919B /* Stamp_10.swift in Sources */,
				DCCECFDC274B8AF1002EEABD /* RealmModel.swift in Sources */,
				DCCECFA727463FB7002EEABD /* AppDelegate.swift in Sources */,
				DC927F882757529A005A919B /* Stamp_12.swift in Sources */,
				DCCECFCF274A6D93002EEABD /* TimeStampDesignCollectionViewCell.swift in Sources */,
				DC927FB82757A1A7005A919B /* OpenSourceLicenseViewController.swift in Sources */,
				DCCDA46527528ACE002038C0 /* Stamp_3.swift in Sources */,
				DCCECFE4274B9D02002EEABD /* UIFont+Extension.swift in Sources */,
				DC8639BB2760E95E00714ECE /* UserTagSelectViewController.swift in Sources */,
				DC927F9027575718005A919B /* Stamp_14.swift in Sources */,
				DCCECFA927463FB7002EEABD /* SceneDelegate.swift in Sources */,
				DCCDA45E27520F02002038C0 /* DesignCollectionViewCell.swift in Sources */,
				DC927FBD2757BA9A005A919B /* PrivacyViewController.swift in Sources */,
				DC927F8C2757546D005A919B /* Stamp_13.swift in Sources */,
				DC927F7627573DC0005A919B /* Stamp_8.swift in Sources */,
				DCCDA46B27533A0F002038C0 /* Stamp_5.swift in Sources */,
				DCCECFE6274B9DBF002EEABD /* UserDiaryViewController.swift in Sources */,
				DC927F7427573C80005A919B /* Stamp_7.swift in Sources */,
				DCCDA46927533822002038C0 /* Stamp_4.swift in Sources */,
				DCCECFE8274BA3B5002EEABD /* DiaryTagTableViewCell.swift in Sources */,
				DCCECFCD27492574002EEABD /* AddDiaryViewController.swift in Sources */,
				DC927FB427579C1D005A919B /* UserAppVersionViewController.swift in Sources */,
				DC8639B0275E496500714ECE /* Toast+Extension.swift in Sources */,
				DCCECFD1274B4765002EEABD /* identifier.swift in Sources */,
				DCCECFC3274652DE002EEABD /* UserAlbumViewController.swift in Sources */,
				DCCED000274E974B002EEABD /* Stamp_1.swift in Sources */,
			);
			runOnlyForDeploymentPostprocessing = 0;
		};
/* End PBXSourcesBuildPhase section */

/* Begin PBXVariantGroup section */
		DCCDA49927567715002038C0 /* InfoPlist.strings */ = {
			isa = PBXVariantGroup;
			children = (
				DCCDA49827567715002038C0 /* en */,
				DCCDA49A27567718002038C0 /* ko */,
			);
			name = InfoPlist.strings;
			sourceTree = "<group>";
		};
		DCCECFB127463FB9002EEABD /* LaunchScreen.storyboard */ = {
			isa = PBXVariantGroup;
			children = (
				DCCECFB227463FB9002EEABD /* Base */,
				DCCECFF3274D11F8002EEABD /* ko */,
			);
			name = LaunchScreen.storyboard;
			sourceTree = "<group>";
		};
		DCCECFF0274CEAC0002EEABD /* Localizable.strings */ = {
			isa = PBXVariantGroup;
			children = (
				DCCECFEF274CEAC0002EEABD /* en */,
				DCCECFF4274D1204002EEABD /* ko */,
			);
			name = Localizable.strings;
			sourceTree = "<group>";
		};
/* End PBXVariantGroup section */

/* Begin XCBuildConfiguration section */
		DCCECFB527463FB9002EEABD /* Debug */ = {
			isa = XCBuildConfiguration;
			buildSettings = {
				ALWAYS_SEARCH_USER_PATHS = NO;
				CLANG_ANALYZER_LOCALIZABILITY_NONLOCALIZED = YES;
				CLANG_ANALYZER_NONNULL = YES;
				CLANG_ANALYZER_NUMBER_OBJECT_CONVERSION = YES_AGGRESSIVE;
				CLANG_CXX_LANGUAGE_STANDARD = "gnu++17";
				CLANG_CXX_LIBRARY = "libc++";
				CLANG_ENABLE_MODULES = YES;
				CLANG_ENABLE_OBJC_ARC = YES;
				CLANG_ENABLE_OBJC_WEAK = YES;
				CLANG_WARN_BLOCK_CAPTURE_AUTORELEASING = YES;
				CLANG_WARN_BOOL_CONVERSION = YES;
				CLANG_WARN_COMMA = YES;
				CLANG_WARN_CONSTANT_CONVERSION = YES;
				CLANG_WARN_DEPRECATED_OBJC_IMPLEMENTATIONS = YES;
				CLANG_WARN_DIRECT_OBJC_ISA_USAGE = YES_ERROR;
				CLANG_WARN_DOCUMENTATION_COMMENTS = YES;
				CLANG_WARN_EMPTY_BODY = YES;
				CLANG_WARN_ENUM_CONVERSION = YES;
				CLANG_WARN_INFINITE_RECURSION = YES;
				CLANG_WARN_INT_CONVERSION = YES;
				CLANG_WARN_NON_LITERAL_NULL_CONVERSION = YES;
				CLANG_WARN_OBJC_IMPLICIT_RETAIN_SELF = YES;
				CLANG_WARN_OBJC_LITERAL_CONVERSION = YES;
				CLANG_WARN_OBJC_ROOT_CLASS = YES_ERROR;
				CLANG_WARN_QUOTED_INCLUDE_IN_FRAMEWORK_HEADER = YES;
				CLANG_WARN_RANGE_LOOP_ANALYSIS = YES;
				CLANG_WARN_STRICT_PROTOTYPES = YES;
				CLANG_WARN_SUSPICIOUS_MOVE = YES;
				CLANG_WARN_UNGUARDED_AVAILABILITY = YES_AGGRESSIVE;
				CLANG_WARN_UNREACHABLE_CODE = YES;
				CLANG_WARN__DUPLICATE_METHOD_MATCH = YES;
				COPY_PHASE_STRIP = NO;
				DEBUG_INFORMATION_FORMAT = "dwarf-with-dsym";
				ENABLE_STRICT_OBJC_MSGSEND = YES;
				ENABLE_TESTABILITY = YES;
				GCC_C_LANGUAGE_STANDARD = gnu11;
				GCC_DYNAMIC_NO_PIC = NO;
				GCC_NO_COMMON_BLOCKS = YES;
				GCC_OPTIMIZATION_LEVEL = 0;
				GCC_PREPROCESSOR_DEFINITIONS = (
					"DEBUG=1",
					"$(inherited)",
				);
				GCC_WARN_64_TO_32_BIT_CONVERSION = YES;
				GCC_WARN_ABOUT_RETURN_TYPE = YES_ERROR;
				GCC_WARN_UNDECLARED_SELECTOR = YES;
				GCC_WARN_UNINITIALIZED_AUTOS = YES_AGGRESSIVE;
				GCC_WARN_UNUSED_FUNCTION = YES;
				GCC_WARN_UNUSED_VARIABLE = YES;
				IPHONEOS_DEPLOYMENT_TARGET = 14.0;
				MTL_ENABLE_DEBUG_INFO = INCLUDE_SOURCE;
				MTL_FAST_MATH = YES;
				ONLY_ACTIVE_ARCH = YES;
				SDKROOT = iphoneos;
				SWIFT_ACTIVE_COMPILATION_CONDITIONS = DEBUG;
				SWIFT_OPTIMIZATION_LEVEL = "-Onone";
			};
			name = Debug;
		};
		DCCECFB627463FB9002EEABD /* Release */ = {
			isa = XCBuildConfiguration;
			buildSettings = {
				ALWAYS_SEARCH_USER_PATHS = NO;
				CLANG_ANALYZER_LOCALIZABILITY_NONLOCALIZED = YES;
				CLANG_ANALYZER_NONNULL = YES;
				CLANG_ANALYZER_NUMBER_OBJECT_CONVERSION = YES_AGGRESSIVE;
				CLANG_CXX_LANGUAGE_STANDARD = "gnu++17";
				CLANG_CXX_LIBRARY = "libc++";
				CLANG_ENABLE_MODULES = YES;
				CLANG_ENABLE_OBJC_ARC = YES;
				CLANG_ENABLE_OBJC_WEAK = YES;
				CLANG_WARN_BLOCK_CAPTURE_AUTORELEASING = YES;
				CLANG_WARN_BOOL_CONVERSION = YES;
				CLANG_WARN_COMMA = YES;
				CLANG_WARN_CONSTANT_CONVERSION = YES;
				CLANG_WARN_DEPRECATED_OBJC_IMPLEMENTATIONS = YES;
				CLANG_WARN_DIRECT_OBJC_ISA_USAGE = YES_ERROR;
				CLANG_WARN_DOCUMENTATION_COMMENTS = YES;
				CLANG_WARN_EMPTY_BODY = YES;
				CLANG_WARN_ENUM_CONVERSION = YES;
				CLANG_WARN_INFINITE_RECURSION = YES;
				CLANG_WARN_INT_CONVERSION = YES;
				CLANG_WARN_NON_LITERAL_NULL_CONVERSION = YES;
				CLANG_WARN_OBJC_IMPLICIT_RETAIN_SELF = YES;
				CLANG_WARN_OBJC_LITERAL_CONVERSION = YES;
				CLANG_WARN_OBJC_ROOT_CLASS = YES_ERROR;
				CLANG_WARN_QUOTED_INCLUDE_IN_FRAMEWORK_HEADER = YES;
				CLANG_WARN_RANGE_LOOP_ANALYSIS = YES;
				CLANG_WARN_STRICT_PROTOTYPES = YES;
				CLANG_WARN_SUSPICIOUS_MOVE = YES;
				CLANG_WARN_UNGUARDED_AVAILABILITY = YES_AGGRESSIVE;
				CLANG_WARN_UNREACHABLE_CODE = YES;
				CLANG_WARN__DUPLICATE_METHOD_MATCH = YES;
				COPY_PHASE_STRIP = NO;
				DEBUG_INFORMATION_FORMAT = "dwarf-with-dsym";
				ENABLE_NS_ASSERTIONS = NO;
				ENABLE_STRICT_OBJC_MSGSEND = YES;
				GCC_C_LANGUAGE_STANDARD = gnu11;
				GCC_NO_COMMON_BLOCKS = YES;
				GCC_WARN_64_TO_32_BIT_CONVERSION = YES;
				GCC_WARN_ABOUT_RETURN_TYPE = YES_ERROR;
				GCC_WARN_UNDECLARED_SELECTOR = YES;
				GCC_WARN_UNINITIALIZED_AUTOS = YES_AGGRESSIVE;
				GCC_WARN_UNUSED_FUNCTION = YES;
				GCC_WARN_UNUSED_VARIABLE = YES;
				IPHONEOS_DEPLOYMENT_TARGET = 14.0;
				MTL_ENABLE_DEBUG_INFO = NO;
				MTL_FAST_MATH = YES;
				SDKROOT = iphoneos;
				SWIFT_COMPILATION_MODE = wholemodule;
				SWIFT_OPTIMIZATION_LEVEL = "-O";
				VALIDATE_PRODUCT = YES;
			};
			name = Release;
		};
		DCCECFB827463FB9002EEABD /* Debug */ = {
			isa = XCBuildConfiguration;
			buildSettings = {
				ASSETCATALOG_COMPILER_APPICON_NAME = AppIcon;
				ASSETCATALOG_COMPILER_GLOBAL_ACCENT_COLOR_NAME = AccentColor;
				CODE_SIGN_STYLE = Automatic;
				CURRENT_PROJECT_VERSION = 202112024;
				DEBUG_INFORMATION_FORMAT = "dwarf-with-dsym";
				DEVELOPMENT_TEAM = 8H53VPN638;
				GENERATE_INFOPLIST_FILE = YES;
				INFOPLIST_FILE = TimeDiary/Info.plist;
				INFOPLIST_KEY_CFBundleDisplayName = "타임베어";
				INFOPLIST_KEY_NSCameraUsageDescription = "타임스탬프 이미지를 만들기 위해 사용자의 카메라 권한이 필요합니다 ";
				INFOPLIST_KEY_NSPhotoLibraryAddUsageDescription = "생성한 타임스탬프 이미지를 앨범에 저장하기 위해 사용자의 앨범 접근 권한이 필요합니다";
				INFOPLIST_KEY_UIApplicationSupportsIndirectInputEvents = YES;
				INFOPLIST_KEY_UILaunchStoryboardName = LaunchScreen;
				INFOPLIST_KEY_UIMainStoryboardFile = UserAlbum;
				INFOPLIST_KEY_UIRequiresFullScreen = YES;
				INFOPLIST_KEY_UISupportedInterfaceOrientations = "UIInterfaceOrientationPortrait UIInterfaceOrientationPortraitUpsideDown";
				INFOPLIST_KEY_UISupportedInterfaceOrientations_iPhone = "UIInterfaceOrientationPortrait UIInterfaceOrientationPortraitUpsideDown";
				INFOPLIST_KEY_UIUserInterfaceStyle = Light;
				LD_RUNPATH_SEARCH_PATHS = (
					"$(inherited)",
					"@executable_path/Frameworks",
				);
				MARKETING_VERSION = 1.1.0;
				OTHER_LDFLAGS = "-ObjC";
				PRODUCT_BUNDLE_IDENTIFIER = com.jy.TimeBear;
				PRODUCT_NAME = "$(TARGET_NAME)";
				SWIFT_EMIT_LOC_STRINGS = YES;
				SWIFT_VERSION = 5.0;
				TARGETED_DEVICE_FAMILY = 1;
			};
			name = Debug;
		};
		DCCECFB927463FB9002EEABD /* Release */ = {
			isa = XCBuildConfiguration;
			buildSettings = {
				ASSETCATALOG_COMPILER_APPICON_NAME = AppIcon;
				ASSETCATALOG_COMPILER_GLOBAL_ACCENT_COLOR_NAME = AccentColor;
				CODE_SIGN_STYLE = Automatic;
				CURRENT_PROJECT_VERSION = 202112024;
				DEBUG_INFORMATION_FORMAT = "dwarf-with-dsym";
				DEVELOPMENT_TEAM = 8H53VPN638;
				GENERATE_INFOPLIST_FILE = YES;
				INFOPLIST_FILE = TimeDiary/Info.plist;
				INFOPLIST_KEY_CFBundleDisplayName = "타임베어";
				INFOPLIST_KEY_NSCameraUsageDescription = "타임스탬프 이미지를 만들기 위해 사용자의 카메라 권한이 필요합니다 ";
				INFOPLIST_KEY_NSPhotoLibraryAddUsageDescription = "생성한 타임스탬프 이미지를 앨범에 저장하기 위해 사용자의 앨범 접근 권한이 필요합니다";
				INFOPLIST_KEY_UIApplicationSupportsIndirectInputEvents = YES;
				INFOPLIST_KEY_UILaunchStoryboardName = LaunchScreen;
				INFOPLIST_KEY_UIMainStoryboardFile = UserAlbum;
				INFOPLIST_KEY_UIRequiresFullScreen = YES;
				INFOPLIST_KEY_UISupportedInterfaceOrientations = "UIInterfaceOrientationPortrait UIInterfaceOrientationPortraitUpsideDown";
				INFOPLIST_KEY_UISupportedInterfaceOrientations_iPhone = "UIInterfaceOrientationPortrait UIInterfaceOrientationPortraitUpsideDown";
				INFOPLIST_KEY_UIUserInterfaceStyle = Light;
				LD_RUNPATH_SEARCH_PATHS = (
					"$(inherited)",
					"@executable_path/Frameworks",
				);
				MARKETING_VERSION = 1.1.0;
				OTHER_LDFLAGS = "-ObjC";
				PRODUCT_BUNDLE_IDENTIFIER = com.jy.TimeBear;
				PRODUCT_NAME = "$(TARGET_NAME)";
				SWIFT_EMIT_LOC_STRINGS = YES;
				SWIFT_VERSION = 5.0;
				TARGETED_DEVICE_FAMILY = 1;
			};
			name = Release;
		};
/* End XCBuildConfiguration section */

/* Begin XCConfigurationList section */
		DCCECF9E27463FB7002EEABD /* Build configuration list for PBXProject "TimeDiary" */ = {
			isa = XCConfigurationList;
			buildConfigurations = (
				DCCECFB527463FB9002EEABD /* Debug */,
				DCCECFB627463FB9002EEABD /* Release */,
			);
			defaultConfigurationIsVisible = 0;
			defaultConfigurationName = Release;
		};
		DCCECFB727463FB9002EEABD /* Build configuration list for PBXNativeTarget "TimeDiary" */ = {
			isa = XCConfigurationList;
			buildConfigurations = (
				DCCECFB827463FB9002EEABD /* Debug */,
				DCCECFB927463FB9002EEABD /* Release */,
			);
			defaultConfigurationIsVisible = 0;
			defaultConfigurationName = Release;
		};
/* End XCConfigurationList section */

/* Begin XCRemoteSwiftPackageReference section */
		DC169554276879780050460F /* XCRemoteSwiftPackageReference "firebase-ios-sdk" */ = {
			isa = XCRemoteSwiftPackageReference;
			repositoryURL = "https://github.com/firebase/firebase-ios-sdk";
			requirement = {
				branch = master;
				kind = branch;
			};
		};
		DCCDA48F27552F1D002038C0 /* XCRemoteSwiftPackageReference "Toast-Swift" */ = {
			isa = XCRemoteSwiftPackageReference;
			repositoryURL = "https://github.com/scalessec/Toast-Swift.git";
			requirement = {
				kind = upToNextMajorVersion;
				minimumVersion = 5.0.0;
			};
		};
		DCCDA492275545DF002038C0 /* XCRemoteSwiftPackageReference "IQKeyboardManager" */ = {
			isa = XCRemoteSwiftPackageReference;
			repositoryURL = "https://github.com/hackiftekhar/IQKeyboardManager.git";
			requirement = {
				branch = master;
				kind = branch;
			};
		};
		DCCECFDD274B8B35002EEABD /* XCRemoteSwiftPackageReference "realm-cocoa" */ = {
			isa = XCRemoteSwiftPackageReference;
			repositoryURL = "https://github.com/realm/realm-cocoa.git";
			requirement = {
				branch = master;
				kind = branch;
			};
		};
/* End XCRemoteSwiftPackageReference section */

/* Begin XCSwiftPackageProductDependency section */
		DC169555276879780050460F /* FirebaseAnalyticsWithoutAdIdSupport */ = {
			isa = XCSwiftPackageProductDependency;
			package = DC169554276879780050460F /* XCRemoteSwiftPackageReference "firebase-ios-sdk" */;
			productName = FirebaseAnalyticsWithoutAdIdSupport;
		};
		DC169557276879780050460F /* FirebaseCrashlytics */ = {
			isa = XCSwiftPackageProductDependency;
			package = DC169554276879780050460F /* XCRemoteSwiftPackageReference "firebase-ios-sdk" */;
			productName = FirebaseCrashlytics;
		};
		DCCDA49027552F1D002038C0 /* Toast */ = {
			isa = XCSwiftPackageProductDependency;
			package = DCCDA48F27552F1D002038C0 /* XCRemoteSwiftPackageReference "Toast-Swift" */;
			productName = Toast;
		};
		DCCDA493275545DF002038C0 /* IQKeyboardManagerSwift */ = {
			isa = XCSwiftPackageProductDependency;
			package = DCCDA492275545DF002038C0 /* XCRemoteSwiftPackageReference "IQKeyboardManager" */;
			productName = IQKeyboardManagerSwift;
		};
		DCCECFDE274B8B35002EEABD /* Realm */ = {
			isa = XCSwiftPackageProductDependency;
			package = DCCECFDD274B8B35002EEABD /* XCRemoteSwiftPackageReference "realm-cocoa" */;
			productName = Realm;
		};
		DCCECFE0274B8B35002EEABD /* RealmSwift */ = {
			isa = XCSwiftPackageProductDependency;
			package = DCCECFDD274B8B35002EEABD /* XCRemoteSwiftPackageReference "realm-cocoa" */;
			productName = RealmSwift;
		};
/* End XCSwiftPackageProductDependency section */
	};
	rootObject = DCCECF9B27463FB7002EEABD /* Project object */;
}
